
Microsoft Visual Studio Solution File, Format Version 12.00
# Visual Studio 14
VisualStudioVersion = 14.0.25420.1
MinimumVisualStudioVersion = 10.0.40219.1
Project("{FAE04EC0-301F-11D3-BF4B-00C04F79EFBC}") = "MarvelFlow.App", "MarvelFlow.App\MarvelFlow.App.csproj", "{8C7CE4B0-CF3C-46BA-A45B-636660314D74}"
EndProject
Project("{FAE04EC0-301F-11D3-BF4B-00C04F79EFBC}") = "MarvelFlow.Classes", "MarvelFlow.Classes\MarvelFlow.Classes.csproj", "{7D5A9FF3-E584-4F7F-8E25-E8011ADA1DE5}"
EndProject
Project("{FAE04EC0-301F-11D3-BF4B-00C04F79EFBC}") = "MarvelFlow.Data", "MarvelFlow.Data\MarvelFlow.Data.csproj", "{D81E7AC5-FB16-4EEA-BD93-6F93B57660F0}"
EndProject
Global
	GlobalSection(SolutionConfigurationPlatforms) = preSolution
		Debug|Any CPU = Debug|Any CPU
		Release|Any CPU = Release|Any CPU
	EndGlobalSection
	GlobalSection(ProjectConfigurationPlatforms) = postSolution
		{8C7CE4B0-CF3C-46BA-A45B-636660314D74}.Debug|Any CPU.ActiveCfg = Debug|Any CPU
		{8C7CE4B0-CF3C-46BA-A45B-636660314D74}.Debug|Any CPU.Build.0 = Debug|Any CPU
		{8C7CE4B0-CF3C-46BA-A45B-636660314D74}.Release|Any CPU.ActiveCfg = Release|Any CPU
		{8C7CE4B0-CF3C-46BA-A45B-636660314D74}.Release|Any CPU.Build.0 = Release|Any CPU
		{7D5A9FF3-E584-4F7F-8E25-E8011ADA1DE5}.Debug|Any CPU.ActiveCfg = Debug|Any CPU
		{7D5A9FF3-E584-4F7F-8E25-E8011ADA1DE5}.Debug|Any CPU.Build.0 = Debug|Any CPU
		{7D5A9FF3-E584-4F7F-8E25-E8011ADA1DE5}.Release|Any CPU.ActiveCfg = Release|Any CPU
		{7D5A9FF3-E584-4F7F-8E25-E8011ADA1DE5}.Release|Any CPU.Build.0 = Release|Any CPU
		{D81E7AC5-FB16-4EEA-BD93-6F93B57660F0}.Debug|Any CPU.ActiveCfg = Debug|Any CPU
		{D81E7AC5-FB16-4EEA-BD93-6F93B57660F0}.Debug|Any CPU.Build.0 = Debug|Any CPU
		{D81E7AC5-FB16-4EEA-BD93-6F93B57660F0}.Release|Any CPU.ActiveCfg = Release|Any CPU
		{D81E7AC5-FB16-4EEA-BD93-6F93B57660F0}.Release|Any CPU.Build.0 = Release|Any CPU
	EndGlobalSection
	GlobalSection(SolutionProperties) = preSolution
		HideSolutionNode = FALSE
	EndGlobalSection
EndGlobal
